// !$*UTF8*$!
{
	archiveVersion = 1;
	classes = {
	};
	objectVersion = 55;
	objects = {

/* Begin PBXBuildFile section */
		76CAC0549F7AA8242C719BAC /* Pods_DatabaseApi_DatabaseApiTests.framework in Frameworks */ = {isa = PBXBuildFile; fileRef = 4C1F7DFDA013512D87AE9F97 /* Pods_DatabaseApi_DatabaseApiTests.framework */; };
		873E36F627DA47D700BA38C8 /* Company.swift in Sources */ = {isa = PBXBuildFile; fileRef = 873E36F527DA47D700BA38C8 /* Company.swift */; };
		8742CAAF27DBE976001D2D1B /* PersistentStoreManagerTests.swift in Sources */ = {isa = PBXBuildFile; fileRef = 8742CAAE27DBE976001D2D1B /* PersistentStoreManagerTests.swift */; };
		8753A5A727D74FA800FB72A4 /* PersistentStoreManager.swift in Sources */ = {isa = PBXBuildFile; fileRef = 8753A5A627D74FA800FB72A4 /* PersistentStoreManager.swift */; };
		8753A5B627D75B1700FB72A4 /* Logging.swift in Sources */ = {isa = PBXBuildFile; fileRef = 8753A5B527D75B1700FB72A4 /* Logging.swift */; };
		8753A5B927D7674400FB72A4 /* DatabaseApi.xcdatamodeld in Sources */ = {isa = PBXBuildFile; fileRef = 8753A5B727D7674400FB72A4 /* DatabaseApi.xcdatamodeld */; };
		876C03EE27DD410C0095FC08 /* NSManagedObjectContext+getExistingObject.swift in Sources */ = {isa = PBXBuildFile; fileRef = 876C03ED27DD410C0095FC08 /* NSManagedObjectContext+getExistingObject.swift */; };
		87775A5127DABFD700980557 /* PersistentStoreClientTests.swift in Sources */ = {isa = PBXBuildFile; fileRef = 87775A5027DABFD700980557 /* PersistentStoreClientTests.swift */; };
		87775A5327DAC21500980557 /* Fetchable.swift in Sources */ = {isa = PBXBuildFile; fileRef = 87775A5227DAC21500980557 /* Fetchable.swift */; };
		87AA8AF027D748D500565E65 /* AppDelegate.swift in Sources */ = {isa = PBXBuildFile; fileRef = 87AA8AEF27D748D500565E65 /* AppDelegate.swift */; };
		87AA8AF227D748D500565E65 /* SceneDelegate.swift in Sources */ = {isa = PBXBuildFile; fileRef = 87AA8AF127D748D500565E65 /* SceneDelegate.swift */; };
		87AA8AF427D748D500565E65 /* ViewController.swift in Sources */ = {isa = PBXBuildFile; fileRef = 87AA8AF327D748D500565E65 /* ViewController.swift */; };
		87AA8AF727D748D500565E65 /* Main.storyboard in Resources */ = {isa = PBXBuildFile; fileRef = 87AA8AF527D748D500565E65 /* Main.storyboard */; };
		87AA8AF927D748D600565E65 /* Assets.xcassets in Resources */ = {isa = PBXBuildFile; fileRef = 87AA8AF827D748D600565E65 /* Assets.xcassets */; };
		87AA8AFC27D748D600565E65 /* LaunchScreen.storyboard in Resources */ = {isa = PBXBuildFile; fileRef = 87AA8AFA27D748D600565E65 /* LaunchScreen.storyboard */; };
		87BF848527DE039900E62F93 /* employees_test_list.json in Resources */ = {isa = PBXBuildFile; fileRef = 87BF848427DE039900E62F93 /* employees_test_list.json */; };
		87BF848627DE039D00E62F93 /* employees_test_list.json in Resources */ = {isa = PBXBuildFile; fileRef = 87BF848427DE039900E62F93 /* employees_test_list.json */; };
		87CF90B727D9EE830003A3E9 /* PersistentStoreClient.swift in Sources */ = {isa = PBXBuildFile; fileRef = 87CF90B627D9EE830003A3E9 /* PersistentStoreClient.swift */; };
		87CF90B927D9F0050003A3E9 /* Employee.swift in Sources */ = {isa = PBXBuildFile; fileRef = 87CF90B827D9F0050003A3E9 /* Employee.swift */; };
		87CF90BF27D9FE530003A3E9 /* EntityRepresentable.swift in Sources */ = {isa = PBXBuildFile; fileRef = 87CF90BE27D9FE530003A3E9 /* EntityRepresentable.swift */; };
		87CF90C327DA0EA50003A3E9 /* EntityAttribute.swift in Sources */ = {isa = PBXBuildFile; fileRef = 87CF90C227DA0EA50003A3E9 /* EntityAttribute.swift */; };
		87CF90C527DA24E60003A3E9 /* EntityAttributeTests.swift in Sources */ = {isa = PBXBuildFile; fileRef = 87CF90C427DA24E60003A3E9 /* EntityAttributeTests.swift */; };
		D21E46D942A045FCBA144F61 /* Pods_DatabaseApi.framework in Frameworks */ = {isa = PBXBuildFile; fileRef = D983EA8393374BA53E3748C5 /* Pods_DatabaseApi.framework */; };
/* End PBXBuildFile section */

/* Begin PBXContainerItemProxy section */
		87AA8B0B27D749A400565E65 /* PBXContainerItemProxy */ = {
			isa = PBXContainerItemProxy;
			containerPortal = 87AA8AE427D748D400565E65 /* Project object */;
			proxyType = 1;
			remoteGlobalIDString = 87AA8AEB27D748D400565E65;
			remoteInfo = DatabaseApi;
		};
/* End PBXContainerItemProxy section */

/* Begin PBXFileReference section */
		03D7B9853917BD4377E86F74 /* Pods-DatabaseApi-DatabaseApiTests.release.xcconfig */ = {isa = PBXFileReference; includeInIndex = 1; lastKnownFileType = text.xcconfig; name = "Pods-DatabaseApi-DatabaseApiTests.release.xcconfig"; path = "Target Support Files/Pods-DatabaseApi-DatabaseApiTests/Pods-DatabaseApi-DatabaseApiTests.release.xcconfig"; sourceTree = "<group>"; };
		06626185E872CE00CE3C2D42 /* Pods-DatabaseApi.release.xcconfig */ = {isa = PBXFileReference; includeInIndex = 1; lastKnownFileType = text.xcconfig; name = "Pods-DatabaseApi.release.xcconfig"; path = "Target Support Files/Pods-DatabaseApi/Pods-DatabaseApi.release.xcconfig"; sourceTree = "<group>"; };
		4C1F7DFDA013512D87AE9F97 /* Pods_DatabaseApi_DatabaseApiTests.framework */ = {isa = PBXFileReference; explicitFileType = wrapper.framework; includeInIndex = 0; path = Pods_DatabaseApi_DatabaseApiTests.framework; sourceTree = BUILT_PRODUCTS_DIR; };
		873E36F527DA47D700BA38C8 /* Company.swift */ = {isa = PBXFileReference; lastKnownFileType = sourcecode.swift; path = Company.swift; sourceTree = "<group>"; };
		8742CAAE27DBE976001D2D1B /* PersistentStoreManagerTests.swift */ = {isa = PBXFileReference; lastKnownFileType = sourcecode.swift; path = PersistentStoreManagerTests.swift; sourceTree = "<group>"; };
		8753A5A627D74FA800FB72A4 /* PersistentStoreManager.swift */ = {isa = PBXFileReference; lastKnownFileType = sourcecode.swift; path = PersistentStoreManager.swift; sourceTree = "<group>"; };
		8753A5B527D75B1700FB72A4 /* Logging.swift */ = {isa = PBXFileReference; lastKnownFileType = sourcecode.swift; path = Logging.swift; sourceTree = "<group>"; };
		8753A5B827D7674400FB72A4 /* DatabaseApi.xcdatamodel */ = {isa = PBXFileReference; lastKnownFileType = wrapper.xcdatamodel; path = DatabaseApi.xcdatamodel; sourceTree = "<group>"; };
		876C03ED27DD410C0095FC08 /* NSManagedObjectContext+getExistingObject.swift */ = {isa = PBXFileReference; lastKnownFileType = sourcecode.swift; path = "NSManagedObjectContext+getExistingObject.swift"; sourceTree = "<group>"; };
		87775A5027DABFD700980557 /* PersistentStoreClientTests.swift */ = {isa = PBXFileReference; lastKnownFileType = sourcecode.swift; path = PersistentStoreClientTests.swift; sourceTree = "<group>"; };
		87775A5227DAC21500980557 /* Fetchable.swift */ = {isa = PBXFileReference; lastKnownFileType = sourcecode.swift; path = Fetchable.swift; sourceTree = "<group>"; };
		87AA8AEC27D748D500565E65 /* DatabaseApi.app */ = {isa = PBXFileReference; explicitFileType = wrapper.application; includeInIndex = 0; path = DatabaseApi.app; sourceTree = BUILT_PRODUCTS_DIR; };
		87AA8AEF27D748D500565E65 /* AppDelegate.swift */ = {isa = PBXFileReference; lastKnownFileType = sourcecode.swift; path = AppDelegate.swift; sourceTree = "<group>"; };
		87AA8AF127D748D500565E65 /* SceneDelegate.swift */ = {isa = PBXFileReference; lastKnownFileType = sourcecode.swift; path = SceneDelegate.swift; sourceTree = "<group>"; };
		87AA8AF327D748D500565E65 /* ViewController.swift */ = {isa = PBXFileReference; lastKnownFileType = sourcecode.swift; path = ViewController.swift; sourceTree = "<group>"; };
		87AA8AF627D748D500565E65 /* Base */ = {isa = PBXFileReference; lastKnownFileType = file.storyboard; name = Base; path = Base.lproj/Main.storyboard; sourceTree = "<group>"; };
		87AA8AF827D748D600565E65 /* Assets.xcassets */ = {isa = PBXFileReference; lastKnownFileType = folder.assetcatalog; path = Assets.xcassets; sourceTree = "<group>"; };
		87AA8AFB27D748D600565E65 /* Base */ = {isa = PBXFileReference; lastKnownFileType = file.storyboard; name = Base; path = Base.lproj/LaunchScreen.storyboard; sourceTree = "<group>"; };
		87AA8AFD27D748D600565E65 /* Info.plist */ = {isa = PBXFileReference; lastKnownFileType = text.plist.xml; path = Info.plist; sourceTree = "<group>"; };
		87AA8B0727D749A400565E65 /* DatabaseApiTests.xctest */ = {isa = PBXFileReference; explicitFileType = wrapper.cfbundle; includeInIndex = 0; path = DatabaseApiTests.xctest; sourceTree = BUILT_PRODUCTS_DIR; };
		87BF848427DE039900E62F93 /* employees_test_list.json */ = {isa = PBXFileReference; lastKnownFileType = text.json; path = employees_test_list.json; sourceTree = "<group>"; };
		87CF90B627D9EE830003A3E9 /* PersistentStoreClient.swift */ = {isa = PBXFileReference; fileEncoding = 4; lastKnownFileType = sourcecode.swift; path = PersistentStoreClient.swift; sourceTree = "<group>"; };
		87CF90B827D9F0050003A3E9 /* Employee.swift */ = {isa = PBXFileReference; lastKnownFileType = sourcecode.swift; path = Employee.swift; sourceTree = "<group>"; };
		87CF90BE27D9FE530003A3E9 /* EntityRepresentable.swift */ = {isa = PBXFileReference; lastKnownFileType = sourcecode.swift; path = EntityRepresentable.swift; sourceTree = "<group>"; };
		87CF90C227DA0EA50003A3E9 /* EntityAttribute.swift */ = {isa = PBXFileReference; lastKnownFileType = sourcecode.swift; path = EntityAttribute.swift; sourceTree = "<group>"; };
		87CF90C427DA24E60003A3E9 /* EntityAttributeTests.swift */ = {isa = PBXFileReference; lastKnownFileType = sourcecode.swift; path = EntityAttributeTests.swift; sourceTree = "<group>"; };
		CCBEF388877405875E0894D3 /* Pods-DatabaseApi.debug.xcconfig */ = {isa = PBXFileReference; includeInIndex = 1; lastKnownFileType = text.xcconfig; name = "Pods-DatabaseApi.debug.xcconfig"; path = "Target Support Files/Pods-DatabaseApi/Pods-DatabaseApi.debug.xcconfig"; sourceTree = "<group>"; };
		D983EA8393374BA53E3748C5 /* Pods_DatabaseApi.framework */ = {isa = PBXFileReference; explicitFileType = wrapper.framework; includeInIndex = 0; path = Pods_DatabaseApi.framework; sourceTree = BUILT_PRODUCTS_DIR; };
		EF82A3DA59EB6739EDAA7C75 /* Pods-DatabaseApi-DatabaseApiTests.debug.xcconfig */ = {isa = PBXFileReference; includeInIndex = 1; lastKnownFileType = text.xcconfig; name = "Pods-DatabaseApi-DatabaseApiTests.debug.xcconfig"; path = "Target Support Files/Pods-DatabaseApi-DatabaseApiTests/Pods-DatabaseApi-DatabaseApiTests.debug.xcconfig"; sourceTree = "<group>"; };
/* End PBXFileReference section */

/* Begin PBXFrameworksBuildPhase section */
		87AA8AE927D748D400565E65 /* Frameworks */ = {
			isa = PBXFrameworksBuildPhase;
			buildActionMask = 2147483647;
			files = (
				D21E46D942A045FCBA144F61 /* Pods_DatabaseApi.framework in Frameworks */,
			);
			runOnlyForDeploymentPostprocessing = 0;
		};
		87AA8B0427D749A400565E65 /* Frameworks */ = {
			isa = PBXFrameworksBuildPhase;
			buildActionMask = 2147483647;
			files = (
				76CAC0549F7AA8242C719BAC /* Pods_DatabaseApi_DatabaseApiTests.framework in Frameworks */,
			);
			runOnlyForDeploymentPostprocessing = 0;
		};
/* End PBXFrameworksBuildPhase section */

/* Begin PBXGroup section */
		63B9CD2DED58CD53BFAD8349 /* Pods */ = {
			isa = PBXGroup;
			children = (
				CCBEF388877405875E0894D3 /* Pods-DatabaseApi.debug.xcconfig */,
				06626185E872CE00CE3C2D42 /* Pods-DatabaseApi.release.xcconfig */,
				EF82A3DA59EB6739EDAA7C75 /* Pods-DatabaseApi-DatabaseApiTests.debug.xcconfig */,
				03D7B9853917BD4377E86F74 /* Pods-DatabaseApi-DatabaseApiTests.release.xcconfig */,
			);
			path = Pods;
			sourceTree = "<group>";
		};
		6CA13ED15B8BFDC30C2A593A /* Frameworks */ = {
			isa = PBXGroup;
			children = (
				D983EA8393374BA53E3748C5 /* Pods_DatabaseApi.framework */,
				4C1F7DFDA013512D87AE9F97 /* Pods_DatabaseApi_DatabaseApiTests.framework */,
			);
			name = Frameworks;
			sourceTree = "<group>";
		};
		876C03EF27DD41100095FC08 /* Extensions */ = {
			isa = PBXGroup;
			children = (
				876C03ED27DD410C0095FC08 /* NSManagedObjectContext+getExistingObject.swift */,
			);
			path = Extensions;
			sourceTree = "<group>";
		};
		87AA8AE327D748D400565E65 = {
			isa = PBXGroup;
			children = (
				87AA8AEE27D748D500565E65 /* DatabaseApi */,
				87AA8B0827D749A400565E65 /* DatabaseApiTests */,
				87AA8AED27D748D500565E65 /* Products */,
				63B9CD2DED58CD53BFAD8349 /* Pods */,
				6CA13ED15B8BFDC30C2A593A /* Frameworks */,
			);
			sourceTree = "<group>";
		};
		87AA8AED27D748D500565E65 /* Products */ = {
			isa = PBXGroup;
			children = (
				87AA8AEC27D748D500565E65 /* DatabaseApi.app */,
				87AA8B0727D749A400565E65 /* DatabaseApiTests.xctest */,
			);
			name = Products;
			sourceTree = "<group>";
		};
		87AA8AEE27D748D500565E65 /* DatabaseApi */ = {
			isa = PBXGroup;
			children = (
				87AA8AEF27D748D500565E65 /* AppDelegate.swift */,
				87AA8AF127D748D500565E65 /* SceneDelegate.swift */,
				87AA8AF327D748D500565E65 /* ViewController.swift */,
				87AA8AF527D748D500565E65 /* Main.storyboard */,
				87AA8AF827D748D600565E65 /* Assets.xcassets */,
				87AA8AFA27D748D600565E65 /* LaunchScreen.storyboard */,
				87AA8AFD27D748D600565E65 /* Info.plist */,
				8753A5B727D7674400FB72A4 /* DatabaseApi.xcdatamodeld */,
				8753A5B527D75B1700FB72A4 /* Logging.swift */,
				8753A5A627D74FA800FB72A4 /* PersistentStoreManager.swift */,
				87CF90B627D9EE830003A3E9 /* PersistentStoreClient.swift */,
				876C03EF27DD41100095FC08 /* Extensions */,
				87CF90BB27D9F01F0003A3E9 /* Config */,
				87CF90BA27D9F0080003A3E9 /* Models */,
			);
			path = DatabaseApi;
			sourceTree = "<group>";
		};
		87AA8B0827D749A400565E65 /* DatabaseApiTests */ = {
			isa = PBXGroup;
			children = (
				87CF90C427DA24E60003A3E9 /* EntityAttributeTests.swift */,
				87775A5027DABFD700980557 /* PersistentStoreClientTests.swift */,
				8742CAAE27DBE976001D2D1B /* PersistentStoreManagerTests.swift */,
				87BF848427DE039900E62F93 /* employees_test_list.json */,
			);
			path = DatabaseApiTests;
			sourceTree = "<group>";
		};
		87CF90BA27D9F0080003A3E9 /* Models */ = {
			isa = PBXGroup;
			children = (
				87CF90B827D9F0050003A3E9 /* Employee.swift */,
				873E36F527DA47D700BA38C8 /* Company.swift */,
			);
			path = Models;
			sourceTree = "<group>";
		};
		87CF90BB27D9F01F0003A3E9 /* Config */ = {
			isa = PBXGroup;
			children = (
				87CF90BE27D9FE530003A3E9 /* EntityRepresentable.swift */,
				87775A5227DAC21500980557 /* Fetchable.swift */,
				87CF90C227DA0EA50003A3E9 /* EntityAttribute.swift */,
			);
			path = Config;
			sourceTree = "<group>";
		};
/* End PBXGroup section */

/* Begin PBXNativeTarget section */
		87AA8AEB27D748D400565E65 /* DatabaseApi */ = {
			isa = PBXNativeTarget;
			buildConfigurationList = 87AA8B0027D748D600565E65 /* Build configuration list for PBXNativeTarget "DatabaseApi" */;
			buildPhases = (
				DAD3F6D90C56279186A3AE8B /* [CP] Check Pods Manifest.lock */,
				87AA8AE827D748D400565E65 /* Sources */,
				87AA8AE927D748D400565E65 /* Frameworks */,
				87AA8AEA27D748D400565E65 /* Resources */,
				8753A5A527D74A5E00FB72A4 /* ShellScript */,
			);
			buildRules = (
			);
			dependencies = (
			);
			name = DatabaseApi;
			productName = DatabaseApi;
			productReference = 87AA8AEC27D748D500565E65 /* DatabaseApi.app */;
			productType = "com.apple.product-type.application";
		};
		87AA8B0627D749A400565E65 /* DatabaseApiTests */ = {
			isa = PBXNativeTarget;
			buildConfigurationList = 87AA8B0D27D749A400565E65 /* Build configuration list for PBXNativeTarget "DatabaseApiTests" */;
			buildPhases = (
				538FD730DC4E897EC19808FE /* [CP] Check Pods Manifest.lock */,
				87AA8B0327D749A400565E65 /* Sources */,
				87AA8B0427D749A400565E65 /* Frameworks */,
				87AA8B0527D749A400565E65 /* Resources */,
				685135846AE31198AD378BC1 /* [CP] Embed Pods Frameworks */,
			);
			buildRules = (
			);
			dependencies = (
				87AA8B0C27D749A400565E65 /* PBXTargetDependency */,
			);
			name = DatabaseApiTests;
			productName = DatabaseApiTests;
			productReference = 87AA8B0727D749A400565E65 /* DatabaseApiTests.xctest */;
			productType = "com.apple.product-type.bundle.unit-test";
		};
/* End PBXNativeTarget section */

/* Begin PBXProject section */
		87AA8AE427D748D400565E65 /* Project object */ = {
			isa = PBXProject;
			attributes = {
				BuildIndependentTargetsInParallel = 1;
				LastSwiftUpdateCheck = 1320;
				LastUpgradeCheck = 1320;
				TargetAttributes = {
					87AA8AEB27D748D400565E65 = {
						CreatedOnToolsVersion = 13.2.1;
					};
					87AA8B0627D749A400565E65 = {
						CreatedOnToolsVersion = 13.2.1;
						LastSwiftMigration = 1320;
						TestTargetID = 87AA8AEB27D748D400565E65;
					};
				};
			};
			buildConfigurationList = 87AA8AE727D748D400565E65 /* Build configuration list for PBXProject "DatabaseApi" */;
			compatibilityVersion = "Xcode 13.0";
			developmentRegion = en;
			hasScannedForEncodings = 0;
			knownRegions = (
				en,
				Base,
			);
			mainGroup = 87AA8AE327D748D400565E65;
			productRefGroup = 87AA8AED27D748D500565E65 /* Products */;
			projectDirPath = "";
			projectRoot = "";
			targets = (
				87AA8AEB27D748D400565E65 /* DatabaseApi */,
				87AA8B0627D749A400565E65 /* DatabaseApiTests */,
			);
		};
/* End PBXProject section */

/* Begin PBXResourcesBuildPhase section */
		87AA8AEA27D748D400565E65 /* Resources */ = {
			isa = PBXResourcesBuildPhase;
			buildActionMask = 2147483647;
			files = (
				87AA8AFC27D748D600565E65 /* LaunchScreen.storyboard in Resources */,
				87BF848627DE039D00E62F93 /* employees_test_list.json in Resources */,
				87AA8AF927D748D600565E65 /* Assets.xcassets in Resources */,
				87AA8AF727D748D500565E65 /* Main.storyboard in Resources */,
			);
			runOnlyForDeploymentPostprocessing = 0;
		};
		87AA8B0527D749A400565E65 /* Resources */ = {
			isa = PBXResourcesBuildPhase;
			buildActionMask = 2147483647;
			files = (
				87BF848527DE039900E62F93 /* employees_test_list.json in Resources */,
			);
			runOnlyForDeploymentPostprocessing = 0;
		};
/* End PBXResourcesBuildPhase section */

/* Begin PBXShellScriptBuildPhase section */
		538FD730DC4E897EC19808FE /* [CP] Check Pods Manifest.lock */ = {
			isa = PBXShellScriptBuildPhase;
			buildActionMask = 2147483647;
			files = (
			);
			inputFileListPaths = (
			);
			inputPaths = (
				"${PODS_PODFILE_DIR_PATH}/Podfile.lock",
				"${PODS_ROOT}/Manifest.lock",
			);
			name = "[CP] Check Pods Manifest.lock";
			outputFileListPaths = (
			);
			outputPaths = (
				"$(DERIVED_FILE_DIR)/Pods-DatabaseApi-DatabaseApiTests-checkManifestLockResult.txt",
			);
			runOnlyForDeploymentPostprocessing = 0;
			shellPath = /bin/sh;
			shellScript = "diff \"${PODS_PODFILE_DIR_PATH}/Podfile.lock\" \"${PODS_ROOT}/Manifest.lock\" > /dev/null\nif [ $? != 0 ] ; then\n    # print error to STDERR\n    echo \"error: The sandbox is not in sync with the Podfile.lock. Run 'pod install' or update your CocoaPods installation.\" >&2\n    exit 1\nfi\n# This output is used by Xcode 'outputs' to avoid re-running this script phase.\necho \"SUCCESS\" > \"${SCRIPT_OUTPUT_FILE_0}\"\n";
			showEnvVarsInLog = 0;
		};
		685135846AE31198AD378BC1 /* [CP] Embed Pods Frameworks */ = {
			isa = PBXShellScriptBuildPhase;
			buildActionMask = 2147483647;
			files = (
			);
			inputFileListPaths = (
				"${PODS_ROOT}/Target Support Files/Pods-DatabaseApi-DatabaseApiTests/Pods-DatabaseApi-DatabaseApiTests-frameworks-${CONFIGURATION}-input-files.xcfilelist",
			);
			name = "[CP] Embed Pods Frameworks";
			outputFileListPaths = (
				"${PODS_ROOT}/Target Support Files/Pods-DatabaseApi-DatabaseApiTests/Pods-DatabaseApi-DatabaseApiTests-frameworks-${CONFIGURATION}-output-files.xcfilelist",
			);
			runOnlyForDeploymentPostprocessing = 0;
			shellPath = /bin/sh;
			shellScript = "\"${PODS_ROOT}/Target Support Files/Pods-DatabaseApi-DatabaseApiTests/Pods-DatabaseApi-DatabaseApiTests-frameworks.sh\"\n";
			showEnvVarsInLog = 0;
		};
		8753A5A527D74A5E00FB72A4 /* ShellScript */ = {
			isa = PBXShellScriptBuildPhase;
			buildActionMask = 2147483647;
			files = (
			);
			inputFileListPaths = (
			);
			inputPaths = (
			);
			outputFileListPaths = (
			);
			outputPaths = (
			);
			runOnlyForDeploymentPostprocessing = 0;
			shellPath = /bin/sh;
			shellScript = "\"${PODS_ROOT}/SwiftLint/swiftlint\"\n";
		};
		DAD3F6D90C56279186A3AE8B /* [CP] Check Pods Manifest.lock */ = {
			isa = PBXShellScriptBuildPhase;
			buildActionMask = 2147483647;
			files = (
			);
			inputFileListPaths = (
			);
			inputPaths = (
				"${PODS_PODFILE_DIR_PATH}/Podfile.lock",
				"${PODS_ROOT}/Manifest.lock",
			);
			name = "[CP] Check Pods Manifest.lock";
			outputFileListPaths = (
			);
			outputPaths = (
				"$(DERIVED_FILE_DIR)/Pods-DatabaseApi-checkManifestLockResult.txt",
			);
			runOnlyForDeploymentPostprocessing = 0;
			shellPath = /bin/sh;
			shellScript = "diff \"${PODS_PODFILE_DIR_PATH}/Podfile.lock\" \"${PODS_ROOT}/Manifest.lock\" > /dev/null\nif [ $? != 0 ] ; then\n    # print error to STDERR\n    echo \"error: The sandbox is not in sync with the Podfile.lock. Run 'pod install' or update your CocoaPods installation.\" >&2\n    exit 1\nfi\n# This output is used by Xcode 'outputs' to avoid re-running this script phase.\necho \"SUCCESS\" > \"${SCRIPT_OUTPUT_FILE_0}\"\n";
			showEnvVarsInLog = 0;
		};
/* End PBXShellScriptBuildPhase section */

/* Begin PBXSourcesBuildPhase section */
		87AA8AE827D748D400565E65 /* Sources */ = {
			isa = PBXSourcesBuildPhase;
			buildActionMask = 2147483647;
			files = (
				87775A5327DAC21500980557 /* Fetchable.swift in Sources */,
				8753A5A727D74FA800FB72A4 /* PersistentStoreManager.swift in Sources */,
				87CF90B927D9F0050003A3E9 /* Employee.swift in Sources */,
				8753A5B927D7674400FB72A4 /* DatabaseApi.xcdatamodeld in Sources */,
				8753A5B627D75B1700FB72A4 /* Logging.swift in Sources */,
				87AA8AF427D748D500565E65 /* ViewController.swift in Sources */,
				87CF90B727D9EE830003A3E9 /* PersistentStoreClient.swift in Sources */,
				87CF90C327DA0EA50003A3E9 /* EntityAttribute.swift in Sources */,
				873E36F627DA47D700BA38C8 /* Company.swift in Sources */,
				87AA8AF027D748D500565E65 /* AppDelegate.swift in Sources */,
				87AA8AF227D748D500565E65 /* SceneDelegate.swift in Sources */,
				876C03EE27DD410C0095FC08 /* NSManagedObjectContext+getExistingObject.swift in Sources */,
				87CF90BF27D9FE530003A3E9 /* EntityRepresentable.swift in Sources */,
			);
			runOnlyForDeploymentPostprocessing = 0;
		};
		87AA8B0327D749A400565E65 /* Sources */ = {
			isa = PBXSourcesBuildPhase;
			buildActionMask = 2147483647;
			files = (
				8742CAAF27DBE976001D2D1B /* PersistentStoreManagerTests.swift in Sources */,
				87775A5127DABFD700980557 /* PersistentStoreClientTests.swift in Sources */,
				87CF90C527DA24E60003A3E9 /* EntityAttributeTests.swift in Sources */,
			);
			runOnlyForDeploymentPostprocessing = 0;
		};
/* End PBXSourcesBuildPhase section */

/* Begin PBXTargetDependency section */
		87AA8B0C27D749A400565E65 /* PBXTargetDependency */ = {
			isa = PBXTargetDependency;
			target = 87AA8AEB27D748D400565E65 /* DatabaseApi */;
			targetProxy = 87AA8B0B27D749A400565E65 /* PBXContainerItemProxy */;
		};
/* End PBXTargetDependency section */

/* Begin PBXVariantGroup section */
		87AA8AF527D748D500565E65 /* Main.storyboard */ = {
			isa = PBXVariantGroup;
			children = (
				87AA8AF627D748D500565E65 /* Base */,
			);
			name = Main.storyboard;
			sourceTree = "<group>";
		};
		87AA8AFA27D748D600565E65 /* LaunchScreen.storyboard */ = {
			isa = PBXVariantGroup;
			children = (
				87AA8AFB27D748D600565E65 /* Base */,
			);
			name = LaunchScreen.storyboard;
			sourceTree = "<group>";
		};
/* End PBXVariantGroup section */

/* Begin XCBuildConfiguration section */
		87AA8AFE27D748D600565E65 /* Debug */ = {
			isa = XCBuildConfiguration;
			buildSettings = {
				ALWAYS_SEARCH_USER_PATHS = NO;
				CLANG_ANALYZER_NONNULL = YES;
				CLANG_ANALYZER_NUMBER_OBJECT_CONVERSION = YES_AGGRESSIVE;
				CLANG_CXX_LANGUAGE_STANDARD = "gnu++17";
				CLANG_CXX_LIBRARY = "libc++";
				CLANG_ENABLE_MODULES = YES;
				CLANG_ENABLE_OBJC_ARC = YES;
				CLANG_ENABLE_OBJC_WEAK = YES;
				CLANG_WARN_BLOCK_CAPTURE_AUTORELEASING = YES;
				CLANG_WARN_BOOL_CONVERSION = YES;
				CLANG_WARN_COMMA = YES;
				CLANG_WARN_CONSTANT_CONVERSION = YES;
				CLANG_WARN_DEPRECATED_OBJC_IMPLEMENTATIONS = YES;
				CLANG_WARN_DIRECT_OBJC_ISA_USAGE = YES_ERROR;
				CLANG_WARN_DOCUMENTATION_COMMENTS = YES;
				CLANG_WARN_EMPTY_BODY = YES;
				CLANG_WARN_ENUM_CONVERSION = YES;
				CLANG_WARN_INFINITE_RECURSION = YES;
				CLANG_WARN_INT_CONVERSION = YES;
				CLANG_WARN_NON_LITERAL_NULL_CONVERSION = YES;
				CLANG_WARN_OBJC_IMPLICIT_RETAIN_SELF = YES;
				CLANG_WARN_OBJC_LITERAL_CONVERSION = YES;
				CLANG_WARN_OBJC_ROOT_CLASS = YES_ERROR;
				CLANG_WARN_QUOTED_INCLUDE_IN_FRAMEWORK_HEADER = YES;
				CLANG_WARN_RANGE_LOOP_ANALYSIS = YES;
				CLANG_WARN_STRICT_PROTOTYPES = YES;
				CLANG_WARN_SUSPICIOUS_MOVE = YES;
				CLANG_WARN_UNGUARDED_AVAILABILITY = YES_AGGRESSIVE;
				CLANG_WARN_UNREACHABLE_CODE = YES;
				CLANG_WARN__DUPLICATE_METHOD_MATCH = YES;
				COPY_PHASE_STRIP = NO;
				DEBUG_INFORMATION_FORMAT = dwarf;
				ENABLE_STRICT_OBJC_MSGSEND = YES;
				ENABLE_TESTABILITY = YES;
				GCC_C_LANGUAGE_STANDARD = gnu11;
				GCC_DYNAMIC_NO_PIC = NO;
				GCC_NO_COMMON_BLOCKS = YES;
				GCC_OPTIMIZATION_LEVEL = 0;
				GCC_PREPROCESSOR_DEFINITIONS = (
					"DEBUG=1",
					"$(inherited)",
				);
				GCC_WARN_64_TO_32_BIT_CONVERSION = YES;
				GCC_WARN_ABOUT_RETURN_TYPE = YES_ERROR;
				GCC_WARN_UNDECLARED_SELECTOR = YES;
				GCC_WARN_UNINITIALIZED_AUTOS = YES_AGGRESSIVE;
				GCC_WARN_UNUSED_FUNCTION = YES;
				GCC_WARN_UNUSED_VARIABLE = YES;
				IPHONEOS_DEPLOYMENT_TARGET = 15.2;
				MTL_ENABLE_DEBUG_INFO = INCLUDE_SOURCE;
				MTL_FAST_MATH = YES;
				ONLY_ACTIVE_ARCH = YES;
				SDKROOT = iphoneos;
				SWIFT_ACTIVE_COMPILATION_CONDITIONS = DEBUG;
				SWIFT_OPTIMIZATION_LEVEL = "-Onone";
			};
			name = Debug;
		};
		87AA8AFF27D748D600565E65 /* Release */ = {
			isa = XCBuildConfiguration;
			buildSettings = {
				ALWAYS_SEARCH_USER_PATHS = NO;
				CLANG_ANALYZER_NONNULL = YES;
				CLANG_ANALYZER_NUMBER_OBJECT_CONVERSION = YES_AGGRESSIVE;
				CLANG_CXX_LANGUAGE_STANDARD = "gnu++17";
				CLANG_CXX_LIBRARY = "libc++";
				CLANG_ENABLE_MODULES = YES;
				CLANG_ENABLE_OBJC_ARC = YES;
				CLANG_ENABLE_OBJC_WEAK = YES;
				CLANG_WARN_BLOCK_CAPTURE_AUTORELEASING = YES;
				CLANG_WARN_BOOL_CONVERSION = YES;
				CLANG_WARN_COMMA = YES;
				CLANG_WARN_CONSTANT_CONVERSION = YES;
				CLANG_WARN_DEPRECATED_OBJC_IMPLEMENTATIONS = YES;
				CLANG_WARN_DIRECT_OBJC_ISA_USAGE = YES_ERROR;
				CLANG_WARN_DOCUMENTATION_COMMENTS = YES;
				CLANG_WARN_EMPTY_BODY = YES;
				CLANG_WARN_ENUM_CONVERSION = YES;
				CLANG_WARN_INFINITE_RECURSION = YES;
				CLANG_WARN_INT_CONVERSION = YES;
				CLANG_WARN_NON_LITERAL_NULL_CONVERSION = YES;
				CLANG_WARN_OBJC_IMPLICIT_RETAIN_SELF = YES;
				CLANG_WARN_OBJC_LITERAL_CONVERSION = YES;
				CLANG_WARN_OBJC_ROOT_CLASS = YES_ERROR;
				CLANG_WARN_QUOTED_INCLUDE_IN_FRAMEWORK_HEADER = YES;
				CLANG_WARN_RANGE_LOOP_ANALYSIS = YES;
				CLANG_WARN_STRICT_PROTOTYPES = YES;
				CLANG_WARN_SUSPICIOUS_MOVE = YES;
				CLANG_WARN_UNGUARDED_AVAILABILITY = YES_AGGRESSIVE;
				CLANG_WARN_UNREACHABLE_CODE = YES;
				CLANG_WARN__DUPLICATE_METHOD_MATCH = YES;
				COPY_PHASE_STRIP = NO;
				DEBUG_INFORMATION_FORMAT = "dwarf-with-dsym";
				ENABLE_NS_ASSERTIONS = NO;
				ENABLE_STRICT_OBJC_MSGSEND = YES;
				GCC_C_LANGUAGE_STANDARD = gnu11;
				GCC_NO_COMMON_BLOCKS = YES;
				GCC_WARN_64_TO_32_BIT_CONVERSION = YES;
				GCC_WARN_ABOUT_RETURN_TYPE = YES_ERROR;
				GCC_WARN_UNDECLARED_SELECTOR = YES;
				GCC_WARN_UNINITIALIZED_AUTOS = YES_AGGRESSIVE;
				GCC_WARN_UNUSED_FUNCTION = YES;
				GCC_WARN_UNUSED_VARIABLE = YES;
				IPHONEOS_DEPLOYMENT_TARGET = 15.2;
				MTL_ENABLE_DEBUG_INFO = NO;
				MTL_FAST_MATH = YES;
				SDKROOT = iphoneos;
				SWIFT_COMPILATION_MODE = wholemodule;
				SWIFT_OPTIMIZATION_LEVEL = "-O";
				VALIDATE_PRODUCT = YES;
			};
			name = Release;
		};
		87AA8B0127D748D600565E65 /* Debug */ = {
			isa = XCBuildConfiguration;
			baseConfigurationReference = CCBEF388877405875E0894D3 /* Pods-DatabaseApi.debug.xcconfig */;
			buildSettings = {
				ASSETCATALOG_COMPILER_APPICON_NAME = AppIcon;
				ASSETCATALOG_COMPILER_GLOBAL_ACCENT_COLOR_NAME = AccentColor;
				CODE_SIGN_STYLE = Automatic;
				CURRENT_PROJECT_VERSION = 1;
				GENERATE_INFOPLIST_FILE = YES;
				INFOPLIST_FILE = DatabaseApi/Info.plist;
				INFOPLIST_KEY_UIApplicationSupportsIndirectInputEvents = YES;
				INFOPLIST_KEY_UILaunchStoryboardName = LaunchScreen;
				INFOPLIST_KEY_UIMainStoryboardFile = Main;
				INFOPLIST_KEY_UISupportedInterfaceOrientations_iPad = "UIInterfaceOrientationPortrait UIInterfaceOrientationPortraitUpsideDown UIInterfaceOrientationLandscapeLeft UIInterfaceOrientationLandscapeRight";
				INFOPLIST_KEY_UISupportedInterfaceOrientations_iPhone = "UIInterfaceOrientationPortrait UIInterfaceOrientationLandscapeLeft UIInterfaceOrientationLandscapeRight";
				LD_RUNPATH_SEARCH_PATHS = (
					"$(inherited)",
					"@executable_path/Frameworks",
				);
				MARKETING_VERSION = 1.0;
				PRODUCT_BUNDLE_IDENTIFIER = com.tk.DatabaseApi;
				PRODUCT_NAME = "$(TARGET_NAME)";
				SWIFT_EMIT_LOC_STRINGS = YES;
				SWIFT_VERSION = 5.0;
				TARGETED_DEVICE_FAMILY = "1,2";
			};
			name = Debug;
		};
		87AA8B0227D748D600565E65 /* Release */ = {
			isa = XCBuildConfiguration;
			baseConfigurationReference = 06626185E872CE00CE3C2D42 /* Pods-DatabaseApi.release.xcconfig */;
			buildSettings = {
				ASSETCATALOG_COMPILER_APPICON_NAME = AppIcon;
				ASSETCATALOG_COMPILER_GLOBAL_ACCENT_COLOR_NAME = AccentColor;
				CODE_SIGN_STYLE = Automatic;
				CURRENT_PROJECT_VERSION = 1;
				GENERATE_INFOPLIST_FILE = YES;
				INFOPLIST_FILE = DatabaseApi/Info.plist;
				INFOPLIST_KEY_UIApplicationSupportsIndirectInputEvents = YES;
				INFOPLIST_KEY_UILaunchStoryboardName = LaunchScreen;
				INFOPLIST_KEY_UIMainStoryboardFile = Main;
				INFOPLIST_KEY_UISupportedInterfaceOrientations_iPad = "UIInterfaceOrientationPortrait UIInterfaceOrientationPortraitUpsideDown UIInterfaceOrientationLandscapeLeft UIInterfaceOrientationLandscapeRight";
				INFOPLIST_KEY_UISupportedInterfaceOrientations_iPhone = "UIInterfaceOrientationPortrait UIInterfaceOrientationLandscapeLeft UIInterfaceOrientationLandscapeRight";
				LD_RUNPATH_SEARCH_PATHS = (
					"$(inherited)",
					"@executable_path/Frameworks",
				);
				MARKETING_VERSION = 1.0;
				PRODUCT_BUNDLE_IDENTIFIER = com.tk.DatabaseApi;
				PRODUCT_NAME = "$(TARGET_NAME)";
				SWIFT_EMIT_LOC_STRINGS = YES;
				SWIFT_VERSION = 5.0;
				TARGETED_DEVICE_FAMILY = "1,2";
			};
			name = Release;
		};
		87AA8B0E27D749A400565E65 /* Debug */ = {
			isa = XCBuildConfiguration;
			baseConfigurationReference = EF82A3DA59EB6739EDAA7C75 /* Pods-DatabaseApi-DatabaseApiTests.debug.xcconfig */;
			buildSettings = {
				BUNDLE_LOADER = "$(TEST_HOST)";
				CLANG_ENABLE_MODULES = YES;
				CODE_SIGN_STYLE = Automatic;
				CURRENT_PROJECT_VERSION = 1;
				GENERATE_INFOPLIST_FILE = YES;
				LD_RUNPATH_SEARCH_PATHS = (
					"$(inherited)",
					"@executable_path/Frameworks",
					"@loader_path/Frameworks",
				);
				MARKETING_VERSION = 1.0;
				PRODUCT_BUNDLE_IDENTIFIER = com.tk.DatabaseApiTests;
				PRODUCT_NAME = "$(TARGET_NAME)";
				SWIFT_EMIT_LOC_STRINGS = NO;
				SWIFT_OPTIMIZATION_LEVEL = "-Onone";
				SWIFT_VERSION = 5.0;
				TARGETED_DEVICE_FAMILY = "1,2";
				TEST_HOST = "$(BUILT_PRODUCTS_DIR)/DatabaseApi.app/DatabaseApi";
			};
			name = Debug;
		};
		87AA8B0F27D749A400565E65 /* Release */ = {
			isa = XCBuildConfiguration;
			baseConfigurationReference = 03D7B9853917BD4377E86F74 /* Pods-DatabaseApi-DatabaseApiTests.release.xcconfig */;
			buildSettings = {
				BUNDLE_LOADER = "$(TEST_HOST)";
				CLANG_ENABLE_MODULES = YES;
				CODE_SIGN_STYLE = Automatic;
				CURRENT_PROJECT_VERSION = 1;
				GENERATE_INFOPLIST_FILE = YES;
				LD_RUNPATH_SEARCH_PATHS = (
					"$(inherited)",
					"@executable_path/Frameworks",
					"@loader_path/Frameworks",
				);
				MARKETING_VERSION = 1.0;
				PRODUCT_BUNDLE_IDENTIFIER = com.tk.DatabaseApiTests;
				PRODUCT_NAME = "$(TARGET_NAME)";
				SWIFT_EMIT_LOC_STRINGS = NO;
				SWIFT_VERSION = 5.0;
				TARGETED_DEVICE_FAMILY = "1,2";
				TEST_HOST = "$(BUILT_PRODUCTS_DIR)/DatabaseApi.app/DatabaseApi";
			};
			name = Release;
		};
/* End XCBuildConfiguration section */

/* Begin XCConfigurationList section */
		87AA8AE727D748D400565E65 /* Build configuration list for PBXProject "DatabaseApi" */ = {
			isa = XCConfigurationList;
			buildConfigurations = (
				87AA8AFE27D748D600565E65 /* Debug */,
				87AA8AFF27D748D600565E65 /* Release */,
			);
			defaultConfigurationIsVisible = 0;
			defaultConfigurationName = Release;
		};
		87AA8B0027D748D600565E65 /* Build configuration list for PBXNativeTarget "DatabaseApi" */ = {
			isa = XCConfigurationList;
			buildConfigurations = (
				87AA8B0127D748D600565E65 /* Debug */,
				87AA8B0227D748D600565E65 /* Release */,
			);
			defaultConfigurationIsVisible = 0;
			defaultConfigurationName = Release;
		};
		87AA8B0D27D749A400565E65 /* Build configuration list for PBXNativeTarget "DatabaseApiTests" */ = {
			isa = XCConfigurationList;
			buildConfigurations = (
				87AA8B0E27D749A400565E65 /* Debug */,
				87AA8B0F27D749A400565E65 /* Release */,
			);
			defaultConfigurationIsVisible = 0;
			defaultConfigurationName = Release;
		};
/* End XCConfigurationList section */

/* Begin XCVersionGroup section */
		8753A5B727D7674400FB72A4 /* DatabaseApi.xcdatamodeld */ = {
			isa = XCVersionGroup;
			children = (
				8753A5B827D7674400FB72A4 /* DatabaseApi.xcdatamodel */,
			);
			currentVersion = 8753A5B827D7674400FB72A4 /* DatabaseApi.xcdatamodel */;
			path = DatabaseApi.xcdatamodeld;
			sourceTree = "<group>";
			versionGroupType = wrapper.xcdatamodel;
		};
/* End XCVersionGroup section */
	};
	rootObject = 87AA8AE427D748D400565E65 /* Project object */;
}
